
Microsoft Visual Studio Solution File, Format Version 12.00
# Visual Studio 14
VisualStudioVersion = 14.0.25123.0
MinimumVisualStudioVersion = 10.0.40219.1
Project("{FAE04EC0-301F-11D3-BF4B-00C04F79EFBC}") = "FinalProjectTemplate1", "FinalProjectTemplate1\FinalProjectTemplate1.csproj", "{8DF9227F-E4F9-4B91-973C-07063D59162C}"
EndProject
Global
	GlobalSection(SolutionConfigurationPlatforms) = preSolution
		Debug|Any CPU = Debug|Any CPU
		Release|Any CPU = Release|Any CPU
	EndGlobalSection
	GlobalSection(ProjectConfigurationPlatforms) = postSolution
		{8DF9227F-E4F9-4B91-973C-07063D59162C}.Debug|Any CPU.ActiveCfg = Debug|Any CPU
		{8DF9227F-E4F9-4B91-973C-07063D59162C}.Debug|Any CPU.Build.0 = Debug|Any CPU
		{8DF9227F-E4F9-4B91-973C-07063D59162C}.Release|Any CPU.ActiveCfg = Release|Any CPU
		{8DF9227F-E4F9-4B91-973C-07063D59162C}.Release|Any CPU.Build.0 = Release|Any CPU
	EndGlobalSection
	GlobalSection(SolutionProperties) = preSolution
		HideSolutionNode = FALSE
	EndGlobalSection
EndGlobal
